
Microsoft Visual Studio Solution File, Format Version 12.00
# Visual Studio Version 16
VisualStudioVersion = 16.0.33801.447
MinimumVisualStudioVersion = 10.0.40219.1
Project("{FAE04EC0-301F-11D3-BF4B-00C04F79EFBC}") = "PM01_520_Chernov", "PM01_520_Chernov\PM01_520_Chernov.csproj", "{758BED61-63A1-4E62-A252-3998CCD93425}"
EndProject
Global
	GlobalSection(SolutionConfigurationPlatforms) = preSolution
		Debug|Any CPU = Debug|Any CPU
		Release|Any CPU = Release|Any CPU
	EndGlobalSection
	GlobalSection(ProjectConfigurationPlatforms) = postSolution
		{758BED61-63A1-4E62-A252-3998CCD93425}.Debug|Any CPU.ActiveCfg = Debug|Any CPU
		{758BED61-63A1-4E62-A252-3998CCD93425}.Debug|Any CPU.Build.0 = Debug|Any CPU
		{758BED61-63A1-4E62-A252-3998CCD93425}.Release|Any CPU.ActiveCfg = Release|Any CPU
		{758BED61-63A1-4E62-A252-3998CCD93425}.Release|Any CPU.Build.0 = Release|Any CPU
	EndGlobalSection
	GlobalSection(SolutionProperties) = preSolution
		HideSolutionNode = FALSE
	EndGlobalSection
	GlobalSection(ExtensibilityGlobals) = postSolution
		SolutionGuid = {65C2849E-23A5-4237-9ADE-2E22C7F90956}
	EndGlobalSection
EndGlobal
